
Microsoft Visual Studio Solution File, Format Version 12.00
# Visual Studio Version 16
VisualStudioVersion = 16.0.31112.23
MinimumVisualStudioVersion = 10.0.40219.1
Project("{FAE04EC0-301F-11D3-BF4B-00C04F79EFBC}") = "JokesWebApp", "JokesWebApp\JokesWebApp.csproj", "{12C3EB99-ECC6-46A9-9F3E-F52549EF7EAB}"
EndProject
Global
	GlobalSection(SolutionConfigurationPlatforms) = preSolution
		Debug|Any CPU = Debug|Any CPU
		Release|Any CPU = Release|Any CPU
	EndGlobalSection
	GlobalSection(ProjectConfigurationPlatforms) = postSolution
		{12C3EB99-ECC6-46A9-9F3E-F52549EF7EAB}.Debug|Any CPU.ActiveCfg = Debug|Any CPU
		{12C3EB99-ECC6-46A9-9F3E-F52549EF7EAB}.Debug|Any CPU.Build.0 = Debug|Any CPU
		{12C3EB99-ECC6-46A9-9F3E-F52549EF7EAB}.Release|Any CPU.ActiveCfg = Release|Any CPU
		{12C3EB99-ECC6-46A9-9F3E-F52549EF7EAB}.Release|Any CPU.Build.0 = Release|Any CPU
	EndGlobalSection
	GlobalSection(SolutionProperties) = preSolution
		HideSolutionNode = FALSE
	EndGlobalSection
	GlobalSection(ExtensibilityGlobals) = postSolution
		SolutionGuid = {6C755B84-7064-4652-B787-19BF08B8E6A1}
	EndGlobalSection
EndGlobal
